
Microsoft Visual Studio Solution File, Format Version 12.00
# Visual Studio Version 17
VisualStudioVersion = 17.5.002.0
MinimumVisualStudioVersion = 10.0.40219.1
Project("{9A19103F-16F7-4668-BE54-9A1E7A4F7556}") = "ApiEmpresa", "ApiEmpresa.csproj", "{9F312AE4-0B1F-4427-91ED-DEB876EDB85D}"
EndProject
Global
	GlobalSection(SolutionConfigurationPlatforms) = preSolution
		Debug|Any CPU = Debug|Any CPU
		Release|Any CPU = Release|Any CPU
	EndGlobalSection
	GlobalSection(ProjectConfigurationPlatforms) = postSolution
		{9F312AE4-0B1F-4427-91ED-DEB876EDB85D}.Debug|Any CPU.ActiveCfg = Debug|Any CPU
		{9F312AE4-0B1F-4427-91ED-DEB876EDB85D}.Debug|Any CPU.Build.0 = Debug|Any CPU
		{9F312AE4-0B1F-4427-91ED-DEB876EDB85D}.Release|Any CPU.ActiveCfg = Release|Any CPU
		{9F312AE4-0B1F-4427-91ED-DEB876EDB85D}.Release|Any CPU.Build.0 = Release|Any CPU
	EndGlobalSection
	GlobalSection(SolutionProperties) = preSolution
		HideSolutionNode = FALSE
	EndGlobalSection
	GlobalSection(ExtensibilityGlobals) = postSolution
		SolutionGuid = {49AFD6F5-EC92-493D-AC0B-9726F0682590}
	EndGlobalSection
EndGlobal
